
Microsoft Visual Studio Solution File, Format Version 12.00
# Visual Studio Version 16
VisualStudioVersion = 16.0.29920.165
MinimumVisualStudioVersion = 10.0.40219.1
Project("{2150E333-8FDC-42A3-9474-1A3956D46DE8}") = "Application", "Application", "{EBE4D50E-327E-4068-BF70-17B6D3B4366C}"
EndProject
Project("{2150E333-8FDC-42A3-9474-1A3956D46DE8}") = "Domain", "Domain", "{3576FDB1-C259-4085-92DE-43A3AAAC273B}"
EndProject
Project("{2150E333-8FDC-42A3-9474-1A3956D46DE8}") = "Infra.IoC", "Infra.IoC", "{A5A3B942-A3D8-43AB-8906-11965CD8773C}"
EndProject
Project("{2150E333-8FDC-42A3-9474-1A3956D46DE8}") = "Infra.Data", "Infra.Data", "{5BD9CD5B-5D2B-4D60-8E29-EB90B2742756}"
EndProject
Project("{2150E333-8FDC-42A3-9474-1A3956D46DE8}") = "Presentation", "Presentation", "{1C6D86F6-E254-4352-A862-C681F166653E}"
EndProject
Project("{FAE04EC0-301F-11D3-BF4B-00C04F79EFBC}") = "ReleaseManagement.Mvvm", "ReleaseManagement.Mvvm\ReleaseManagement.Mvvm.csproj", "{1B7A9465-2F4E-4ECD-AF48-340DAD946B44}"
EndProject
Project("{FAE04EC0-301F-11D3-BF4B-00C04F79EFBC}") = "ReleaseManagement.Domain", "ReleaseManagement.Domain\ReleaseManagement.Domain.csproj", "{E45DCAA0-2E40-44E7-B26A-CCAC6DFF3647}"
EndProject
Project("{FAE04EC0-301F-11D3-BF4B-00C04F79EFBC}") = "ReleaseManagement.Infra.Data", "ReleaseManagement.Infra.Data\ReleaseManagement.Infra.Data.csproj", "{2718F54E-02A1-4D28-8812-7A9347B622F2}"
EndProject
Global
	GlobalSection(SolutionConfigurationPlatforms) = preSolution
		Debug|Any CPU = Debug|Any CPU
		Release|Any CPU = Release|Any CPU
	EndGlobalSection
	GlobalSection(ProjectConfigurationPlatforms) = postSolution
		{1B7A9465-2F4E-4ECD-AF48-340DAD946B44}.Debug|Any CPU.ActiveCfg = Debug|Any CPU
		{1B7A9465-2F4E-4ECD-AF48-340DAD946B44}.Debug|Any CPU.Build.0 = Debug|Any CPU
		{1B7A9465-2F4E-4ECD-AF48-340DAD946B44}.Release|Any CPU.ActiveCfg = Release|Any CPU
		{1B7A9465-2F4E-4ECD-AF48-340DAD946B44}.Release|Any CPU.Build.0 = Release|Any CPU
		{E45DCAA0-2E40-44E7-B26A-CCAC6DFF3647}.Debug|Any CPU.ActiveCfg = Debug|Any CPU
		{E45DCAA0-2E40-44E7-B26A-CCAC6DFF3647}.Debug|Any CPU.Build.0 = Debug|Any CPU
		{E45DCAA0-2E40-44E7-B26A-CCAC6DFF3647}.Release|Any CPU.ActiveCfg = Release|Any CPU
		{E45DCAA0-2E40-44E7-B26A-CCAC6DFF3647}.Release|Any CPU.Build.0 = Release|Any CPU
		{2718F54E-02A1-4D28-8812-7A9347B622F2}.Debug|Any CPU.ActiveCfg = Debug|Any CPU
		{2718F54E-02A1-4D28-8812-7A9347B622F2}.Debug|Any CPU.Build.0 = Debug|Any CPU
		{2718F54E-02A1-4D28-8812-7A9347B622F2}.Release|Any CPU.ActiveCfg = Release|Any CPU
		{2718F54E-02A1-4D28-8812-7A9347B622F2}.Release|Any CPU.Build.0 = Release|Any CPU
	EndGlobalSection
	GlobalSection(SolutionProperties) = preSolution
		HideSolutionNode = FALSE
	EndGlobalSection
	GlobalSection(NestedProjects) = preSolution
		{1B7A9465-2F4E-4ECD-AF48-340DAD946B44} = {1C6D86F6-E254-4352-A862-C681F166653E}
		{E45DCAA0-2E40-44E7-B26A-CCAC6DFF3647} = {3576FDB1-C259-4085-92DE-43A3AAAC273B}
		{2718F54E-02A1-4D28-8812-7A9347B622F2} = {5BD9CD5B-5D2B-4D60-8E29-EB90B2742756}
	EndGlobalSection
	GlobalSection(ExtensibilityGlobals) = postSolution
		SolutionGuid = {9AA8CAC7-59A0-4C65-8820-93D1CFE244B3}
	EndGlobalSection
EndGlobal
